compiler=i686-linux-gnu-gcc
compiler_version=i686-linux-gnu-gcc (Ubuntu 13.3.0-6ubuntu2~24.04.1) 13.3.0
compiler_sha256=441d893628701a7e11c5be38d7aa3d295d2c3560dc1a38d441e1626f8e7d7c21
binutils=i686-linux-gnu-ld (GNU Binutils for Ubuntu) 2.42
binutils_sha256=6250222e7132f5c7ae8bec570375710fa7b984c00d3a4eea2715d76842e4d972
source_date_epoch=0
architecture=i386
endianness=little
compile_flags=-m32 -O0 -g3 -fno-pie -no-pie -fno-stack-protector -fno-omit-frame-pointer -fno-toplevel-reorder -mpreferred-stack-boundary=2 -fno-builtin -fno-asynchronous-unwind-tables -fno-unwind-tables -nostdlib -static -Wl,-e,_start -Wl,--build-id=none -Wl,-z,noexecstack -Wl,-z,norelro
