compiler=i686-linux-gnu-gcc
compiler_version=i686-linux-gnu-gcc (Ubuntu 13.3.0-6ubuntu2~24.04.1) 13.3.0
compiler_sha256=441d893628701a7e11c5be38d7aa3d295d2c3560dc1a38d441e1626f8e7d7c21
binutils=i686-linux-gnu-ld (GNU Binutils for Ubuntu) 2.42
architecture=i386
endianness=little
source_date_epoch=0
compile_flags=-m32 -O0 -fno-pie -no-pie -fno-stack-protector -fno-omit-frame-pointer -mpreferred-stack-boundary=2 -fno-builtin -fno-asynchronous-unwind-tables -fno-unwind-tables -nostdlib -static -Wl,-e,_start -Wl,--build-id=none -Wl,-z,noexecstack -Wl,-z,relro -Wl,-z,now
output_sha256=ab2122285db34dbe4e3c6b96879113b4dba2246396965dad3bc8ba262e503115
debugger_disassembly_sha256=5a3671b5c579499270d7434d283fea29ce9af05be3be0a6ac2c9ae5c61476ba2
debugger_symbols_sha256=e1b695e2992f344e5c878ead8946ccdc7f5e70dbb814a98e523e5ed298b0b7fb
debugger_config_sha256=7e48fd9f2b7a25a3251e24734c9668fff8780d894af66de9cbd38c0c5ef0f691
debugger_check_sha256=9d6e8fc4629d736e193e44da9f9ec70761a480547d11427d705739f11d9145a7
