compiler=i686-linux-gnu-gcc
compiler_version=i686-linux-gnu-gcc (Ubuntu 13.3.0-6ubuntu2~24.04.1) 13.3.0
compiler_sha256=441d893628701a7e11c5be38d7aa3d295d2c3560dc1a38d441e1626f8e7d7c21
binutils=i686-linux-gnu-ld (GNU Binutils for Ubuntu) 2.42
architecture=i386
endianness=little
source_date_epoch=0
compile_flags=-m32 -O0 -fno-pie -no-pie -fno-stack-protector -fno-omit-frame-pointer -mpreferred-stack-boundary=2 -fno-builtin -fno-asynchronous-unwind-tables -fno-unwind-tables -nostdlib -static -Wl,-e,_start -Wl,--build-id=none -Wl,-z,noexecstack -Wl,-z,relro -Wl,-z,now
output_sha256=c7d1958a0c25812b7ffe1f4a90348fcced1bd3f65f3a0fba98e4132aede92dd0
debugger_disassembly_sha256=3b932098d87745c7a0f1bda70500dc99473ac3db966be17ac5b5f49c869f2a1b
debugger_symbols_sha256=b8dd8566ee9e1b125cabd2e97ad8822139dd709dba2b1e3279245e54c0411c6c
debugger_config_sha256=8dd7c95a55da58b98ea95223aec2b0144e1708abccf38ead34fe9ba129505fc7
debugger_check_sha256=b89386f3a86837eb19a59415e926580aa7fcc64ff88fbff093a586cf902ff1fd
